<?xml version="1.0" encoding="utf-8"?>
<Project ToolsVersion="4.0" xmlns="http://schemas.microsoft.com/developer/msbuild/2003">
  <ItemGroup>
    <Filter Include="ソース ファイル">
      <UniqueIdentifier>{4FC737F1-C7A5-4376-A066-2A32D752A2FF}</UniqueIdentifier>
      <Extensions>cpp;c;cc;cxx;c++;cppm;ixx;def;odl;idl;hpj;bat;asm;asmx</Extensions>
    </Filter>
    <Filter Include="ヘッダー ファイル">
      <UniqueIdentifier>{93995380-89BD-4b04-88EB-625FBE52EBFB}</UniqueIdentifier>
      <Extensions>h;hh;hpp;hxx;h++;hm;inl;inc;ipp;xsd</Extensions>
    </Filter>
    <Filter Include="リソース ファイル">
      <UniqueIdentifier>{67DA6AB6-F800-4c08-8B7A-83BB121AAD01}</UniqueIdentifier>
      <Extensions>rc;ico;cur;bmp;dlg;rc2;rct;bin;rgs;gif;jpg;jpeg;jpe;resx;tiff;tif;png;wav;mfcribbon-ms</Extensions>
    </Filter>
    <Filter Include="Window">
      <UniqueIdentifier>{fd395735-80e2-4511-b707-e0ef3fc1cce4}</UniqueIdentifier>
    </Filter>
    <Filter Include="DirectX">
      <UniqueIdentifier>{f342b7d2-e119-4250-b8d7-9ae9c3925c50}</UniqueIdentifier>
    </Filter>
    <Filter Include="Game">
      <UniqueIdentifier>{a05fc567-36ce-471f-8829-140d8a168c7c}</UniqueIdentifier>
    </Filter>
    <Filter Include="Game\Triangle">
      <UniqueIdentifier>{f0c1f3ac-19e7-401f-bd04-afaf17ac8489}</UniqueIdentifier>
    </Filter>
    <Filter Include="DirectX\Shaders">
      <UniqueIdentifier>{74a156dd-f2da-4e07-9086-0e3f376402e4}</UniqueIdentifier>
    </Filter>
    <Filter Include="DirectX\DirectXCommon">
      <UniqueIdentifier>{35882e8e-e477-4c71-a71a-e0fc1fdd5c18}</UniqueIdentifier>
    </Filter>
    <Filter Include="Math">
      <UniqueIdentifier>{cb36ba32-0ec7-4060-81a5-871b104199ef}</UniqueIdentifier>
    </Filter>
    <Filter Include="MyFunc">
      <UniqueIdentifier>{5e32d594-7367-482d-80e9-d1023bbeb3c3}</UniqueIdentifier>
    </Filter>
    <Filter Include="Camera">
      <UniqueIdentifier>{6f3950f8-d3cc-45eb-836b-06d4168f8e4d}</UniqueIdentifier>
    </Filter>
    <Filter Include="imgui">
      <UniqueIdentifier>{ecef2297-2aba-48b2-ab39-16ad1ec94796}</UniqueIdentifier>
    </Filter>
    <Filter Include="MyManager">
      <UniqueIdentifier>{79cacd7a-6944-459e-8975-b1e4f4f219c4}</UniqueIdentifier>
    </Filter>
    <Filter Include="MyManager\ImGuiManager">
      <UniqueIdentifier>{29f93c30-b7d3-4250-b719-76b1258b8546}</UniqueIdentifier>
    </Filter>
    <Filter Include="MyManager\TextureManager">
      <UniqueIdentifier>{c22b1f56-d99a-4462-a207-2da044e56325}</UniqueIdentifier>
    </Filter>
  </ItemGroup>
  <ItemGroup>
    <Text Include=".editorconfig.txt" />
    <Text Include="externals\LICENSE.txt">
      <Filter>imgui</Filter>
    </Text>
  </ItemGroup>
  <ItemGroup>
    <ClCompile Include="main.cpp">
      <Filter>ソース ファイル</Filter>
    </ClCompile>
    <ClCompile Include="WinApp.cpp">
      <Filter>Window</Filter>
    </ClCompile>
    <ClCompile Include="DirectXCommon.cpp">
      <Filter>DirectX\DirectXCommon</Filter>
    </ClCompile>
    <ClCompile Include="MyFunc.cpp">
      <Filter>MyFunc</Filter>
    </ClCompile>
    <ClCompile Include="ConvertString.cpp">
      <Filter>ソース ファイル</Filter>
    </ClCompile>
    <ClCompile Include="Matrix4x4.cpp">
      <Filter>Math</Filter>
    </ClCompile>
    <ClCompile Include="ViewProjection.cpp">
      <Filter>Camera</Filter>
    </ClCompile>
    <ClCompile Include="externals\imgui.cpp">
      <Filter>imgui</Filter>
    </ClCompile>
    <ClCompile Include="externals\imgui_demo.cpp">
      <Filter>imgui</Filter>
    </ClCompile>
    <ClCompile Include="externals\imgui_draw.cpp">
      <Filter>imgui</Filter>
    </ClCompile>
    <ClCompile Include="externals\imgui_tables.cpp">
      <Filter>imgui</Filter>
    </ClCompile>
    <ClCompile Include="externals\imgui_widgets.cpp">
      <Filter>imgui</Filter>
    </ClCompile>
    <ClCompile Include="externals\imgui\imgui_impl_dx12.cpp">
      <Filter>imgui</Filter>
    </ClCompile>
    <ClCompile Include="externals\imgui\imgui_impl_win32.cpp">
      <Filter>imgui</Filter>
    </ClCompile>
    <ClCompile Include="ImGuiManager.cpp">
      <Filter>MyManager\ImGuiManager</Filter>
    </ClCompile>
    <ClCompile Include="TextureManager.cpp">
      <Filter>MyManager\TextureManager</Filter>
    </ClCompile>
  </ItemGroup>
  <ItemGroup>
    <ClInclude Include="WinApp.h">
      <Filter>Window</Filter>
    </ClInclude>
    <ClInclude Include="ConvertString.h">
      <Filter>ヘッダー ファイル</Filter>
    </ClInclude>
    <ClInclude Include="DirectXCommon.h">
      <Filter>DirectX\DirectXCommon</Filter>
    </ClInclude>
    <ClInclude Include="Vector4.h">
      <Filter>Math</Filter>
    </ClInclude>
    <ClInclude Include="Matrix4x4.h">
      <Filter>Math</Filter>
    </ClInclude>
    <ClInclude Include="MyFunc.h">
      <Filter>MyFunc</Filter>
    </ClInclude>
    <ClInclude Include="Transform.h">
      <Filter>Math</Filter>
    </ClInclude>
    <ClInclude Include="Vector3.h">
      <Filter>Math</Filter>
    </ClInclude>
    <ClInclude Include="ViewProjection.h">
      <Filter>Camera</Filter>
    </ClInclude>
    <ClInclude Include="externals\imconfig.h">
      <Filter>imgui</Filter>
    </ClInclude>
    <ClInclude Include="externals\imgui.h">
      <Filter>imgui</Filter>
    </ClInclude>
    <ClInclude Include="externals\imgui_internal.h">
      <Filter>imgui</Filter>
    </ClInclude>
    <ClInclude Include="externals\imstb_rectpack.h">
      <Filter>imgui</Filter>
    </ClInclude>
    <ClInclude Include="externals\imstb_textedit.h">
      <Filter>imgui</Filter>
    </ClInclude>
    <ClInclude Include="externals\imstb_truetype.h">
      <Filter>imgui</Filter>
    </ClInclude>
    <ClInclude Include="externals\imgui\imgui_impl_dx12.h">
      <Filter>imgui</Filter>
    </ClInclude>
    <ClInclude Include="externals\imgui\imgui_impl_win32.h">
      <Filter>imgui</Filter>
    </ClInclude>
    <ClInclude Include="ImGuiManager.h">
      <Filter>MyManager\ImGuiManager</Filter>
    </ClInclude>
    <ClInclude Include="TextureManager.h">
      <Filter>MyManager\TextureManager</Filter>
    </ClInclude>
    <ClInclude Include="Vector2.h">
      <Filter>Math</Filter>
    </ClInclude>
    <ClInclude Include="VertexData.h">
      <Filter>Math</Filter>
    </ClInclude>
  </ItemGroup>
  <ItemGroup>
    <FxCompile Include="Object3d.VS.hlsl">
      <Filter>DirectX\Shaders</Filter>
    </FxCompile>
    <FxCompile Include="Object3d.PS.hlsl">
      <Filter>DirectX\Shaders</Filter>
    </FxCompile>
  </ItemGroup>
  <ItemGroup>
    <None Include="Object3d.hlsli">
      <Filter>DirectX\Shaders</Filter>
    </None>
  </ItemGroup>
</Project>